
Microsoft Visual Studio Solution File, Format Version 12.00
# Visual Studio Version 17
VisualStudioVersion = 17.10.35027.167
MinimumVisualStudioVersion = 10.0.40219.1
Project("{2150E333-8FDC-42A3-9474-1A3956D46DE8}") = "Src", "Src", "{FA5C4525-D290-4E72-BAC1-8078A2FC9F90}"
EndProject
Project("{2150E333-8FDC-42A3-9474-1A3956D46DE8}") = "Test", "Test", "{24C6645C-9FB1-4227-A028-18DAE979181C}"
EndProject
Project("{2150E333-8FDC-42A3-9474-1A3956D46DE8}") = "Core", "Core", "{7ACD7AAF-98C7-4EDE-9EF0-822F035D1F09}"
EndProject
Project("{2150E333-8FDC-42A3-9474-1A3956D46DE8}") = "APIs", "APIs", "{8394AE4A-CDB2-4435-B7D8-C84D7E08B2C8}"
EndProject
Project("{2150E333-8FDC-42A3-9474-1A3956D46DE8}") = "Infrastructure", "Infrastructure", "{D02B7972-8EFF-4245-B17C-F9944544F5E7}"
EndProject
Project("{2150E333-8FDC-42A3-9474-1A3956D46DE8}") = "UI", "UI", "{A154F7CC-816E-46A4-8E56-E32222B82942}"
EndProject
Project("{2150E333-8FDC-42A3-9474-1A3956D46DE8}") = "Client", "Client", "{CC0C9136-40EA-42A0-955B-65C0260956C0}"
EndProject
Project("{2150E333-8FDC-42A3-9474-1A3956D46DE8}") = "DashBoard", "DashBoard", "{36911109-2CF6-4D5D-9DC5-295F3764E262}"
EndProject
Project("{9A19103F-16F7-4668-BE54-9A1E7A4F7556}") = "LinkDev.Talabat.APIs", "LinkDev.Talabat.APIs\LinkDev.Talabat.APIs.csproj", "{931B5BBC-C497-4679-94A1-5C8F94756100}"
EndProject
Project("{9A19103F-16F7-4668-BE54-9A1E7A4F7556}") = "LinkDev.Talabat.Core.Domain", "LinkDev.Talabat.Core.Domain\LinkDev.Talabat.Core.Domain.csproj", "{F1B7EA07-1B29-4E2E-AB11-F7C0DF05ED62}"
EndProject
Project("{9A19103F-16F7-4668-BE54-9A1E7A4F7556}") = "LinkDev.Talabat.Core.Application", "LinkDev.Talabat.Core.Application\LinkDev.Talabat.Core.Application.csproj", "{6862EF1B-80FA-4CCD-81AF-FBCEB30111F7}"
EndProject
Project("{9A19103F-16F7-4668-BE54-9A1E7A4F7556}") = "LinkDev.Talabat.Core.Application.Abstaction", "LinkDev.Talabat.Core.Application.Abstaction\LinkDev.Talabat.Core.Application.Abstaction.csproj", "{6431417F-7935-4D9B-AB21-3427CA972597}"
EndProject
Project("{9A19103F-16F7-4668-BE54-9A1E7A4F7556}") = "LinkDev.Talabat.Infrastructure", "LinkDev.Talabat.Infrastructure\LinkDev.Talabat.Infrastructure.csproj", "{0D229EB7-B82F-421A-B74E-E03F6FD350CF}"
EndProject
Project("{9A19103F-16F7-4668-BE54-9A1E7A4F7556}") = "LinkDev.Talabat.Infrastructure.Persistence", "LinkDev.Talabat.Infrastructure.Persistence\LinkDev.Talabat.Infrastructure.Persistence.csproj", "{7824495C-AA80-4B62-B8E1-308B0520A339}"
EndProject
Project("{9A19103F-16F7-4668-BE54-9A1E7A4F7556}") = "LinkDev.Talabat.Dashboard", "LinkDev.Talabat.Dashboard\LinkDev.Talabat.Dashboard.csproj", "{1D47247F-9A8B-44F3-B7D0-B3AE2AB81430}"
EndProject
Project("{54A90642-561A-4BB1-A94E-469ADEE60C69}") = "Talabat.Client", "Talabat.Client\Talabat.Client.esproj", "{E05DBD67-DF04-4167-89E7-156AEEAB7368}"
EndProject
Project("{FAE04EC0-301F-11D3-BF4B-00C04F79EFBC}") = "LinkDev.Talabat.APIs.Controllers", "LinkDev,Talabat.APIs.Controllers\LinkDev.Talabat.APIs.Controllers.csproj", "{01D3EF34-D0A0-4980-AB24-E43DC7334F01}"
EndProject
Global
	GlobalSection(SolutionConfigurationPlatforms) = preSolution
		Debug|Any CPU = Debug|Any CPU
		Release|Any CPU = Release|Any CPU
	EndGlobalSection
	GlobalSection(ProjectConfigurationPlatforms) = postSolution
		{931B5BBC-C497-4679-94A1-5C8F94756100}.Debug|Any CPU.ActiveCfg = Debug|Any CPU
		{931B5BBC-C497-4679-94A1-5C8F94756100}.Debug|Any CPU.Build.0 = Debug|Any CPU
		{931B5BBC-C497-4679-94A1-5C8F94756100}.Release|Any CPU.ActiveCfg = Release|Any CPU
		{931B5BBC-C497-4679-94A1-5C8F94756100}.Release|Any CPU.Build.0 = Release|Any CPU
		{F1B7EA07-1B29-4E2E-AB11-F7C0DF05ED62}.Debug|Any CPU.ActiveCfg = Debug|Any CPU
		{F1B7EA07-1B29-4E2E-AB11-F7C0DF05ED62}.Debug|Any CPU.Build.0 = Debug|Any CPU
		{F1B7EA07-1B29-4E2E-AB11-F7C0DF05ED62}.Release|Any CPU.ActiveCfg = Release|Any CPU
		{F1B7EA07-1B29-4E2E-AB11-F7C0DF05ED62}.Release|Any CPU.Build.0 = Release|Any CPU
		{6862EF1B-80FA-4CCD-81AF-FBCEB30111F7}.Debug|Any CPU.ActiveCfg = Debug|Any CPU
		{6862EF1B-80FA-4CCD-81AF-FBCEB30111F7}.Debug|Any CPU.Build.0 = Debug|Any CPU
		{6862EF1B-80FA-4CCD-81AF-FBCEB30111F7}.Release|Any CPU.ActiveCfg = Release|Any CPU
		{6862EF1B-80FA-4CCD-81AF-FBCEB30111F7}.Release|Any CPU.Build.0 = Release|Any CPU
		{6431417F-7935-4D9B-AB21-3427CA972597}.Debug|Any CPU.ActiveCfg = Debug|Any CPU
		{6431417F-7935-4D9B-AB21-3427CA972597}.Debug|Any CPU.Build.0 = Debug|Any CPU
		{6431417F-7935-4D9B-AB21-3427CA972597}.Release|Any CPU.ActiveCfg = Release|Any CPU
		{6431417F-7935-4D9B-AB21-3427CA972597}.Release|Any CPU.Build.0 = Release|Any CPU
		{0D229EB7-B82F-421A-B74E-E03F6FD350CF}.Debug|Any CPU.ActiveCfg = Debug|Any CPU
		{0D229EB7-B82F-421A-B74E-E03F6FD350CF}.Debug|Any CPU.Build.0 = Debug|Any CPU
		{0D229EB7-B82F-421A-B74E-E03F6FD350CF}.Release|Any CPU.ActiveCfg = Release|Any CPU
		{0D229EB7-B82F-421A-B74E-E03F6FD350CF}.Release|Any CPU.Build.0 = Release|Any CPU
		{7824495C-AA80-4B62-B8E1-308B0520A339}.Debug|Any CPU.ActiveCfg = Debug|Any CPU
		{7824495C-AA80-4B62-B8E1-308B0520A339}.Debug|Any CPU.Build.0 = Debug|Any CPU
		{7824495C-AA80-4B62-B8E1-308B0520A339}.Release|Any CPU.ActiveCfg = Release|Any CPU
		{7824495C-AA80-4B62-B8E1-308B0520A339}.Release|Any CPU.Build.0 = Release|Any CPU
		{1D47247F-9A8B-44F3-B7D0-B3AE2AB81430}.Debug|Any CPU.ActiveCfg = Debug|Any CPU
		{1D47247F-9A8B-44F3-B7D0-B3AE2AB81430}.Debug|Any CPU.Build.0 = Debug|Any CPU
		{1D47247F-9A8B-44F3-B7D0-B3AE2AB81430}.Release|Any CPU.ActiveCfg = Release|Any CPU
		{1D47247F-9A8B-44F3-B7D0-B3AE2AB81430}.Release|Any CPU.Build.0 = Release|Any CPU
		{E05DBD67-DF04-4167-89E7-156AEEAB7368}.Debug|Any CPU.ActiveCfg = Debug|Any CPU
		{E05DBD67-DF04-4167-89E7-156AEEAB7368}.Debug|Any CPU.Build.0 = Debug|Any CPU
		{E05DBD67-DF04-4167-89E7-156AEEAB7368}.Debug|Any CPU.Deploy.0 = Debug|Any CPU
		{E05DBD67-DF04-4167-89E7-156AEEAB7368}.Release|Any CPU.ActiveCfg = Release|Any CPU
		{E05DBD67-DF04-4167-89E7-156AEEAB7368}.Release|Any CPU.Build.0 = Release|Any CPU
		{E05DBD67-DF04-4167-89E7-156AEEAB7368}.Release|Any CPU.Deploy.0 = Release|Any CPU
		{01D3EF34-D0A0-4980-AB24-E43DC7334F01}.Debug|Any CPU.ActiveCfg = Debug|Any CPU
		{01D3EF34-D0A0-4980-AB24-E43DC7334F01}.Debug|Any CPU.Build.0 = Debug|Any CPU
		{01D3EF34-D0A0-4980-AB24-E43DC7334F01}.Release|Any CPU.ActiveCfg = Release|Any CPU
		{01D3EF34-D0A0-4980-AB24-E43DC7334F01}.Release|Any CPU.Build.0 = Release|Any CPU
	EndGlobalSection
	GlobalSection(SolutionProperties) = preSolution
		HideSolutionNode = FALSE
	EndGlobalSection
	GlobalSection(NestedProjects) = preSolution
		{7ACD7AAF-98C7-4EDE-9EF0-822F035D1F09} = {FA5C4525-D290-4E72-BAC1-8078A2FC9F90}
		{8394AE4A-CDB2-4435-B7D8-C84D7E08B2C8} = {FA5C4525-D290-4E72-BAC1-8078A2FC9F90}
		{D02B7972-8EFF-4245-B17C-F9944544F5E7} = {FA5C4525-D290-4E72-BAC1-8078A2FC9F90}
		{A154F7CC-816E-46A4-8E56-E32222B82942} = {FA5C4525-D290-4E72-BAC1-8078A2FC9F90}
		{CC0C9136-40EA-42A0-955B-65C0260956C0} = {A154F7CC-816E-46A4-8E56-E32222B82942}
		{36911109-2CF6-4D5D-9DC5-295F3764E262} = {A154F7CC-816E-46A4-8E56-E32222B82942}
		{931B5BBC-C497-4679-94A1-5C8F94756100} = {8394AE4A-CDB2-4435-B7D8-C84D7E08B2C8}
		{F1B7EA07-1B29-4E2E-AB11-F7C0DF05ED62} = {7ACD7AAF-98C7-4EDE-9EF0-822F035D1F09}
		{6862EF1B-80FA-4CCD-81AF-FBCEB30111F7} = {7ACD7AAF-98C7-4EDE-9EF0-822F035D1F09}
		{6431417F-7935-4D9B-AB21-3427CA972597} = {7ACD7AAF-98C7-4EDE-9EF0-822F035D1F09}
		{0D229EB7-B82F-421A-B74E-E03F6FD350CF} = {D02B7972-8EFF-4245-B17C-F9944544F5E7}
		{7824495C-AA80-4B62-B8E1-308B0520A339} = {D02B7972-8EFF-4245-B17C-F9944544F5E7}
		{1D47247F-9A8B-44F3-B7D0-B3AE2AB81430} = {36911109-2CF6-4D5D-9DC5-295F3764E262}
		{E05DBD67-DF04-4167-89E7-156AEEAB7368} = {CC0C9136-40EA-42A0-955B-65C0260956C0}
		{01D3EF34-D0A0-4980-AB24-E43DC7334F01} = {8394AE4A-CDB2-4435-B7D8-C84D7E08B2C8}
	EndGlobalSection
	GlobalSection(ExtensibilityGlobals) = postSolution
		SolutionGuid = {5DFF02FF-40C0-4C0B-BA81-CD1B798C05CA}
	EndGlobalSection
EndGlobal
